
Microsoft Visual Studio Solution File, Format Version 12.00
# Visual Studio Version 17
VisualStudioVersion = 17.10.35122.118
MinimumVisualStudioVersion = 10.0.40219.1
Project("{FAE04EC0-301F-11D3-BF4B-00C04F79EFBC}") = "MigradorDocumentacao", "MigradorDocumentacao.csproj", "{D972698C-4148-4702-A423-B2B5F83BE063}"
EndProject
Global
	GlobalSection(SolutionConfigurationPlatforms) = preSolution
		Debug|Any CPU = Debug|Any CPU
		Release|Any CPU = Release|Any CPU
	EndGlobalSection
	GlobalSection(ProjectConfigurationPlatforms) = postSolution
		{D972698C-4148-4702-A423-B2B5F83BE063}.Debug|Any CPU.ActiveCfg = Debug|Any CPU
		{D972698C-4148-4702-A423-B2B5F83BE063}.Debug|Any CPU.Build.0 = Debug|Any CPU
		{D972698C-4148-4702-A423-B2B5F83BE063}.Release|Any CPU.ActiveCfg = Release|Any CPU
		{D972698C-4148-4702-A423-B2B5F83BE063}.Release|Any CPU.Build.0 = Release|Any CPU
	EndGlobalSection
	GlobalSection(SolutionProperties) = preSolution
		HideSolutionNode = FALSE
	EndGlobalSection
	GlobalSection(ExtensibilityGlobals) = postSolution
		SolutionGuid = {FB998526-8F49-4AAD-B192-1883F91269C4}
	EndGlobalSection
EndGlobal
